
Microsoft Visual Studio Solution File, Format Version 12.00
# Visual Studio Version 16
VisualStudioVersion = 16.0.31205.134
MinimumVisualStudioVersion = 10.0.40219.1
Project("{FAE04EC0-301F-11D3-BF4B-00C04F79EFBC}") = "Gestao_Escolar", "Gestao_Escolar.csproj", "{69909ACC-B6BC-4726-A637-56B1A844DFAD}"
EndProject
Project("{54435603-DBB4-11D2-8724-00A0C9A8B90C}") = "Instalador do Software de Gestao Escolar", "Instalador do Software de Gestao Escolar\Instalador do Software de Gestao Escolar.vdproj", "{64F9A878-2EF5-4CAF-AE1A-6A6059A8A50B}"
EndProject
Global
	GlobalSection(SolutionConfigurationPlatforms) = preSolution
		Debug|Any CPU = Debug|Any CPU
		Release|Any CPU = Release|Any CPU
	EndGlobalSection
	GlobalSection(ProjectConfigurationPlatforms) = postSolution
		{69909ACC-B6BC-4726-A637-56B1A844DFAD}.Debug|Any CPU.ActiveCfg = Debug|Any CPU
		{69909ACC-B6BC-4726-A637-56B1A844DFAD}.Debug|Any CPU.Build.0 = Debug|Any CPU
		{69909ACC-B6BC-4726-A637-56B1A844DFAD}.Release|Any CPU.ActiveCfg = Release|Any CPU
		{69909ACC-B6BC-4726-A637-56B1A844DFAD}.Release|Any CPU.Build.0 = Release|Any CPU
		{64F9A878-2EF5-4CAF-AE1A-6A6059A8A50B}.Debug|Any CPU.ActiveCfg = Debug
		{64F9A878-2EF5-4CAF-AE1A-6A6059A8A50B}.Release|Any CPU.ActiveCfg = Release
	EndGlobalSection
	GlobalSection(SolutionProperties) = preSolution
		HideSolutionNode = FALSE
	EndGlobalSection
	GlobalSection(ExtensibilityGlobals) = postSolution
		SolutionGuid = {5EDAC9BD-5F13-415D-8897-3340BB30C3BE}
	EndGlobalSection
EndGlobal
